{
  "name": "basic-example",
  "version": "1.0.0",
  "lockfileVersion": 2,
  "requires": true,
  "packages": {
    "": {
      "name": "basic-example",
      "version": "1.0.0",
      "devDependencies": {
        "@kopytko/packager": "file:../.."
      }
    },
    "../..": {
      "name": "@dazn/kopytko-packager",
      "version": "1.2.1",
      "dev": true,
      "license": "MIT",
      "dependencies": {
        "adm-zip": "^0.5.5",
        "dotenv": "^9.0.2",
        "fs-extra": "^10.0.0",
        "glob-promise": "^4.1.0",
        "latinize": "^0.5.0",
        "lodash": "^4.17.21",
        "minimist": "^1.2.5",
        "ora": "^5.4.0",
        "request": "^2.88.2",
        "request-promise": "^4.2.6",
        "telnet-client": "^1.4.9",
        "terminal-kit": "^2.1.0",
        "xml2js": "^0.4.23"
      },
      "devDependencies": {
        "@babel/core": "^7.14.3",
        "@babel/eslint-parser": "^7.14.3",
        "@babel/preset-env": "^7.14.2",
        "eslint": "^7.26.0"
      },
      "engines": {
        "node": ">=16.0.0",
        "npm": ">=8.0.0"
      }
    },
    "node_modules/@kopytko/packager": {
      "resolved": "../..",
      "link": true
    }
  },
  "dependencies": {
    "@kopytko/packager": {
      "version": "file:../..",
      "requires": {
        "@babel/core": "^7.14.3",
        "@babel/eslint-parser": "^7.14.3",
        "@babel/preset-env": "^7.14.2",
        "adm-zip": "^0.5.5",
        "dotenv": "^9.0.2",
        "eslint": "^7.26.0",
        "fs-extra": "^10.0.0",
        "glob-promise": "^4.1.0",
        "latinize": "^0.5.0",
        "lodash": "^4.17.21",
        "minimist": "^1.2.5",
        "ora": "^5.4.0",
        "request": "^2.88.2",
        "request-promise": "^4.2.6",
        "telnet-client": "^1.4.9",
        "terminal-kit": "^2.1.0",
        "xml2js": "^0.4.23"
      }
    }
  }
}
